{
  "projects": [
    {
      "projectId": "8PtdGodUbexNYgkuyBUcWu",
      "version": "3.16.0",
      "dependencies": {},
      "lang": "ts",
      "fileLocks": [
        {
          "assetId": "8PtdGodUbexNYgkuyBUcWu",
          "checksum": "c48776bba1b3886e93349ddfa619cee9",
          "type": "globalContexts"
        },
        {
          "assetId": "8PtdGodUbexNYgkuyBUcWu",
          "type": "projectCss",
          "checksum": "078b5be9aa4a8ea2a39b36c771c25aaa"
        }
      ],
      "codegenVersion": "0.0.1"
    },
    {
      "projectId": "kS7YGZfVr6mU43XDQjXELc",
      "version": "0.8.0",
      "dependencies": {},
      "lang": "ts",
      "fileLocks": [
        {
          "assetId": "kS7YGZfVr6mU43XDQjXELc",
          "type": "projectCss",
          "checksum": "e1ec850476829c38b0f9b6d4f7ac446a"
        }
      ],
      "codegenVersion": "0.0.1"
    },
    {
      "projectId": "jENqvBHbRPXMByDQmRe4G7",
      "version": "latest",
      "dependencies": {
        "kS7YGZfVr6mU43XDQjXELc": "0.8.0",
        "8PtdGodUbexNYgkuyBUcWu": "3.16.0",
        "caTPwKxj5ZrD9LQ7DMdK4Z": "3.20.0",
        "58GpZjZCWTaJ8AUhpCwt2K": "3.17.0",
        "84wxoth5npGrp6RRXPL88z": "4.17.0",
        "r3ASNrnyvLLLAtDvzUioQ": "3.17.0",
        "5dGW8Awro3qq8Hh5MveXLP": "1.16.0"
      },
      "lang": "ts",
      "fileLocks": [
        {
          "type": "globalVariant",
          "assetId": "jnTCLXkDZSl7V",
          "checksum": "159d6ed590408718d0e7f18264feb1ca"
        },
        {
          "assetId": "jENqvBHbRPXMByDQmRe4G7",
          "checksum": "4bf58547ac429e48bc9e5e6528cd9998",
          "type": "globalContexts"
        },
        {
          "type": "renderModule",
          "assetId": "ElJN5a6f1p8n",
          "checksum": "18bf7048b960804ea4e81848b41e3b46"
        },
        {
          "type": "cssRules",
          "assetId": "ElJN5a6f1p8n",
          "checksum": "18bf7048b960804ea4e81848b41e3b46"
        },
        {
          "type": "renderModule",
          "assetId": "oBQk-f5Twc",
          "checksum": "da18808499e3595c5ea89370a411f2a7"
        },
        {
          "type": "cssRules",
          "assetId": "oBQk-f5Twc",
          "checksum": "da18808499e3595c5ea89370a411f2a7"
        },
        {
          "type": "renderModule",
          "assetId": "noJZH-4dRr",
          "checksum": "b9dc17c601288d7e5fb325eb75e8104d"
        },
        {
          "type": "cssRules",
          "assetId": "noJZH-4dRr",
          "checksum": "b9dc17c601288d7e5fb325eb75e8104d"
        },
        {
          "type": "renderModule",
          "assetId": "JDL-U0BO7f",
          "checksum": "b2b4082d47938742db0b0c41089d3424"
        },
        {
          "type": "cssRules",
          "assetId": "JDL-U0BO7f",
          "checksum": "b2b4082d47938742db0b0c41089d3424"
        },
        {
          "type": "icon",
          "assetId": "BTPZhvPYEY",
          "checksum": "e6eab4d16c9f171ee7d1b5987167af7d"
        },
        {
          "type": "image",
          "assetId": "hrOiElcY2",
          "checksum": "c69e582bb98e61528f9c092d5d1ed1ff"
        },
        {
          "type": "image",
          "assetId": "UYlkKvgY0",
          "checksum": "30bf77cc267b74e6e62cec17c4cf1d1a"
        },
        {
          "type": "icon",
          "assetId": "yF6Z1QiQ9q",
          "checksum": "2b96893536d744cc8fe50848e6c2551d"
        },
        {
          "type": "icon",
          "assetId": "jhsDipGX05",
          "checksum": "e83fce093723a8fd910ad640ab512963"
        },
        {
          "type": "renderModule",
          "assetId": "MxT9ttJsa--",
          "checksum": "7c3ce6dcd51223f33afb060b11407758"
        },
        {
          "type": "cssRules",
          "assetId": "MxT9ttJsa--",
          "checksum": "7c3ce6dcd51223f33afb060b11407758"
        },
        {
          "type": "renderModule",
          "assetId": "jdWzZYnBO3",
          "checksum": "7813c95d2b4659b0c2143ac7a13ae1d9"
        },
        {
          "type": "cssRules",
          "assetId": "jdWzZYnBO3",
          "checksum": "7813c95d2b4659b0c2143ac7a13ae1d9"
        },
        {
          "type": "renderModule",
          "assetId": "hB94XRzTpm",
          "checksum": "c9ff75d832fe7ce5812a4770062e769d"
        },
        {
          "type": "cssRules",
          "assetId": "hB94XRzTpm",
          "checksum": "c9ff75d832fe7ce5812a4770062e769d"
        },
        {
          "type": "renderModule",
          "assetId": "SCcSFruGPD",
          "checksum": "abb70e3caa4f1329d19eb868db2acffe"
        },
        {
          "type": "cssRules",
          "assetId": "SCcSFruGPD",
          "checksum": "abb70e3caa4f1329d19eb868db2acffe"
        },
        {
          "type": "renderModule",
          "assetId": "5tZNLUygwX",
          "checksum": "b69d04210275a0a350738f388040f7b6"
        },
        {
          "type": "cssRules",
          "assetId": "5tZNLUygwX",
          "checksum": "b69d04210275a0a350738f388040f7b6"
        },
        {
          "type": "renderModule",
          "assetId": "DQ8n30VKcQl",
          "checksum": "808c8e8834c4e992c21e2cb988470a0f"
        },
        {
          "type": "cssRules",
          "assetId": "DQ8n30VKcQl",
          "checksum": "808c8e8834c4e992c21e2cb988470a0f"
        },
        {
          "type": "renderModule",
          "assetId": "zlKX0iG_vm",
          "checksum": "c13c29ce75c9bd220ff5baf57a9c47dd"
        },
        {
          "type": "cssRules",
          "assetId": "zlKX0iG_vm",
          "checksum": "c13c29ce75c9bd220ff5baf57a9c47dd"
        },
        {
          "type": "renderModule",
          "assetId": "fxr9ZT31qRP",
          "checksum": "2bbabbcfda9456e7b7d6feb9c580e928"
        },
        {
          "type": "cssRules",
          "assetId": "fxr9ZT31qRP",
          "checksum": "2bbabbcfda9456e7b7d6feb9c580e928"
        },
        {
          "type": "renderModule",
          "assetId": "9BsVqBrtAT1",
          "checksum": "ac5d1f4f19dacee6e78663dec4a4c855"
        },
        {
          "type": "cssRules",
          "assetId": "9BsVqBrtAT1",
          "checksum": "ac5d1f4f19dacee6e78663dec4a4c855"
        },
        {
          "type": "icon",
          "assetId": "Lch1PnsAGx",
          "checksum": "60395e279be691952675b9f81d29b0c3"
        },
        {
          "type": "icon",
          "assetId": "I72ZslMU-N",
          "checksum": "e48ef612052bb76fe1332fba9da05608"
        },
        {
          "type": "icon",
          "assetId": "blaBQ4s2ob",
          "checksum": "f7c2083e04cc3793a63bdc74331288a3"
        },
        {
          "type": "icon",
          "assetId": "56N_B3O5B9",
          "checksum": "6b0f25f4ac51c09fd2d2e81c8d8c7a24"
        },
        {
          "type": "icon",
          "assetId": "Hj5vDQofk6",
          "checksum": "dc1d6e84c2fd41567fc5d62b86eb7748"
        },
        {
          "type": "icon",
          "assetId": "Nn_Pp4GgbS",
          "checksum": "8040fc7cb0e0c117e10f0e4fdecdbe26"
        },
        {
          "type": "image",
          "assetId": "yW1wcs8Qp",
          "checksum": "dafd5d41762a1048ff1d57772febfc16"
        },
        {
          "type": "renderModule",
          "assetId": "JED_FSQOoo",
          "checksum": "75ba2e26e6e6685ecb9c999a9589579f"
        },
        {
          "type": "cssRules",
          "assetId": "JED_FSQOoo",
          "checksum": "75ba2e26e6e6685ecb9c999a9589579f"
        },
        {
          "type": "renderModule",
          "assetId": "7Stlw3wb0O",
          "checksum": "21cbf23d3731967f0fc7510894852a08"
        },
        {
          "type": "cssRules",
          "assetId": "7Stlw3wb0O",
          "checksum": "21cbf23d3731967f0fc7510894852a08"
        },
        {
          "type": "image",
          "assetId": "NMBIj8QaV",
          "checksum": "c55c5c0816127a0b16797456d9f277fa"
        },
        {
          "type": "renderModule",
          "assetId": "k0tLqKtuC3",
          "checksum": "5f2317ab7a757a2e1c299b32e70d6ad1"
        },
        {
          "type": "cssRules",
          "assetId": "k0tLqKtuC3",
          "checksum": "5f2317ab7a757a2e1c299b32e70d6ad1"
        },
        {
          "type": "renderModule",
          "assetId": "y8WKJEXfAa",
          "checksum": "c7ad98c9cf0eaf0e7c033c280608a663"
        },
        {
          "type": "cssRules",
          "assetId": "y8WKJEXfAa",
          "checksum": "c7ad98c9cf0eaf0e7c033c280608a663"
        },
        {
          "type": "renderModule",
          "assetId": "qfo7886Wwu",
          "checksum": "28abf0ea44fea77a36fb71a200958655"
        },
        {
          "type": "cssRules",
          "assetId": "qfo7886Wwu",
          "checksum": "28abf0ea44fea77a36fb71a200958655"
        },
        {
          "type": "renderModule",
          "assetId": "q6j09HfKP8",
          "checksum": "185f78617c07fa94842266d585fb8010"
        },
        {
          "type": "cssRules",
          "assetId": "q6j09HfKP8",
          "checksum": "185f78617c07fa94842266d585fb8010"
        },
        {
          "type": "icon",
          "assetId": "MM12j4JCq_",
          "checksum": "46d3cc5a2a6ab66f890d97ebd3d9f784"
        },
        {
          "type": "renderModule",
          "assetId": "IKbj2OkZcR",
          "checksum": "56c34d352e10273e91f20713bc11b82c"
        },
        {
          "type": "cssRules",
          "assetId": "IKbj2OkZcR",
          "checksum": "56c34d352e10273e91f20713bc11b82c"
        },
        {
          "type": "image",
          "assetId": "13iychJlu",
          "checksum": "6a9da2cd68b1976684fb8e73bf28345f"
        },
        {
          "type": "image",
          "assetId": "CvbvkkM8a",
          "checksum": "6c850a6ac7fe564bac9b83b25a49597b"
        },
        {
          "type": "image",
          "assetId": "7Qq_rpJiD",
          "checksum": "4d2870b34d6d40410348343cda83d869"
        },
        {
          "type": "image",
          "assetId": "vgVOY-dLX",
          "checksum": "0e7d549c663920d1b76510b28dc38bb5"
        },
        {
          "type": "image",
          "assetId": "VvkBarmlv",
          "checksum": "92ad2d462b078b73f865831aeb2914bc"
        },
        {
          "type": "image",
          "assetId": "dPTft6IVp",
          "checksum": "2eae9b65d8f451d51f5c31a349726f95"
        },
        {
          "type": "image",
          "assetId": "87WX2RDWA",
          "checksum": "704c01e763f66d449ecf6cfee81bb7d5"
        },
        {
          "type": "renderModule",
          "assetId": "UXGMrWajUF",
          "checksum": "58edcad3cc425c7e59c5ba1ac6d473ce"
        },
        {
          "type": "cssRules",
          "assetId": "UXGMrWajUF",
          "checksum": "58edcad3cc425c7e59c5ba1ac6d473ce"
        },
        {
          "type": "icon",
          "assetId": "AVpaEyvva2",
          "checksum": "394bbf9ce4243d09dd5a50eea7da5025"
        },
        {
          "type": "image",
          "assetId": "AFMfRFUgc",
          "checksum": "ae558ed0473c418dee3cc8caf4c40692"
        },
        {
          "type": "image",
          "assetId": "-Rs-WIrpZ",
          "checksum": "220abbc1515fdf7c8bd07dd7d1ec7f2b"
        },
        {
          "assetId": "jENqvBHbRPXMByDQmRe4G7",
          "type": "projectCss",
          "checksum": "4fa515927784e85dc86ec0ade00b0aec"
        }
      ],
      "codegenVersion": "0.0.1"
    },
    {
      "projectId": "caTPwKxj5ZrD9LQ7DMdK4Z",
      "version": "3.20.0",
      "dependencies": {},
      "lang": "ts",
      "fileLocks": [
        {
          "assetId": "caTPwKxj5ZrD9LQ7DMdK4Z",
          "type": "projectCss",
          "checksum": "e1ec850476829c38b0f9b6d4f7ac446a"
        }
      ],
      "codegenVersion": "0.0.1"
    },
    {
      "projectId": "58GpZjZCWTaJ8AUhpCwt2K",
      "version": "3.17.0",
      "dependencies": {},
      "lang": "ts",
      "fileLocks": [
        {
          "assetId": "58GpZjZCWTaJ8AUhpCwt2K",
          "type": "projectCss",
          "checksum": "fd84921cc10936e6ceb458c2ae01c4bd"
        }
      ],
      "codegenVersion": "0.0.1"
    },
    {
      "projectId": "r3ASNrnyvLLLAtDvzUioQ",
      "version": "3.17.0",
      "dependencies": {},
      "lang": "ts",
      "fileLocks": [
        {
          "assetId": "r3ASNrnyvLLLAtDvzUioQ",
          "type": "projectCss",
          "checksum": "97ec772be5160e37b26814fd84fdccb9"
        }
      ],
      "codegenVersion": "0.0.1"
    },
    {
      "projectId": "84wxoth5npGrp6RRXPL88z",
      "version": "4.17.0",
      "dependencies": {},
      "lang": "ts",
      "fileLocks": [
        {
          "assetId": "84wxoth5npGrp6RRXPL88z",
          "type": "projectCss",
          "checksum": "d951314833b1846f4b7c384128792976"
        },
        {
          "assetId": "84wxoth5npGrp6RRXPL88z",
          "checksum": "9e5d7715fa73643035101a564f263924",
          "type": "globalContexts"
        }
      ],
      "codegenVersion": "0.0.1"
    },
    {
      "projectId": "5dGW8Awro3qq8Hh5MveXLP",
      "version": "1.16.0",
      "dependencies": {},
      "lang": "ts",
      "fileLocks": [
        {
          "assetId": "5dGW8Awro3qq8Hh5MveXLP",
          "type": "projectCss",
          "checksum": "208e7308eefeffa5d03c833e22ab6f90"
        }
      ],
      "codegenVersion": "0.0.1"
    }
  ],
  "cliVersion": "0.1.284"
}
